
Microsoft Visual Studio Solution File, Format Version 12.00
# Visual Studio Version 17
VisualStudioVersion = 17.11.35312.102
MinimumVisualStudioVersion = 10.0.40219.1
Project("{FAE04EC0-301F-11D3-BF4B-00C04F79EFBC}") = "FunctionApp-sonarlint", "FunctionApp-sonarlint\FunctionApp-sonarlint.csproj", "{316D4DC1-7BA1-4E11-8ED8-3905D24172BB}"
EndProject
Global
	GlobalSection(SolutionConfigurationPlatforms) = preSolution
		Debug|Any CPU = Debug|Any CPU
		Release|Any CPU = Release|Any CPU
	EndGlobalSection
	GlobalSection(ProjectConfigurationPlatforms) = postSolution
		{316D4DC1-7BA1-4E11-8ED8-3905D24172BB}.Debug|Any CPU.ActiveCfg = Debug|Any CPU
		{316D4DC1-7BA1-4E11-8ED8-3905D24172BB}.Debug|Any CPU.Build.0 = Debug|Any CPU
		{316D4DC1-7BA1-4E11-8ED8-3905D24172BB}.Release|Any CPU.ActiveCfg = Release|Any CPU
		{316D4DC1-7BA1-4E11-8ED8-3905D24172BB}.Release|Any CPU.Build.0 = Release|Any CPU
	EndGlobalSection
	GlobalSection(SolutionProperties) = preSolution
		HideSolutionNode = FALSE
	EndGlobalSection
	GlobalSection(ExtensibilityGlobals) = postSolution
		SolutionGuid = {E8001F10-31F7-436E-B844-C3158901777D}
	EndGlobalSection
EndGlobal
